// !$*UTF8*$!
{
	archiveVersion = 1;
	classes = {
	};
	objectVersion = 55;
	objects = {

/* Begin PBXBuildFile section */
		5297761227A49FC700F19066 /* RecordTextView.Model.swift in Sources */ = {isa = PBXBuildFile; fileRef = 5297761127A49FC700F19066 /* RecordTextView.Model.swift */; };
		52A7671527A091DC0093C1D5 /* SwiftUISpeech.swift in Sources */ = {isa = PBXBuildFile; fileRef = 52A7671427A091DC0093C1D5 /* SwiftUISpeech.swift */; };
		52A7671727A0922F0093C1D5 /* SpeechButton.swift in Sources */ = {isa = PBXBuildFile; fileRef = 52A7671627A0922F0093C1D5 /* SpeechButton.swift */; };
		52A8E9D027A1DE08004BF042 /* RecordTextView.swift in Sources */ = {isa = PBXBuildFile; fileRef = 52A8E9CF27A1DE08004BF042 /* RecordTextView.swift */; };
		FFA09E79278E1D3B00345BA4 /* LiftLogApp.swift in Sources */ = {isa = PBXBuildFile; fileRef = FFA09E78278E1D3B00345BA4 /* LiftLogApp.swift */; };
		FFA09E7B278E1D3B00345BA4 /* ContentView.swift in Sources */ = {isa = PBXBuildFile; fileRef = FFA09E7A278E1D3B00345BA4 /* ContentView.swift */; };
		FFA09E7D278E1D3C00345BA4 /* Assets.xcassets in Resources */ = {isa = PBXBuildFile; fileRef = FFA09E7C278E1D3C00345BA4 /* Assets.xcassets */; };
		FFA09E80278E1D3C00345BA4 /* Preview Assets.xcassets in Resources */ = {isa = PBXBuildFile; fileRef = FFA09E7F278E1D3C00345BA4 /* Preview Assets.xcassets */; };
		FFA09E87278E1DD200345BA4 /* GoogleService-Info.plist in Resources */ = {isa = PBXBuildFile; fileRef = FFA09E86278E1DD200345BA4 /* GoogleService-Info.plist */; };
		FFA09E8A278E1E2D00345BA4 /* FirebaseAuth in Frameworks */ = {isa = PBXBuildFile; productRef = FFA09E89278E1E2D00345BA4 /* FirebaseAuth */; };
		FFA09E8C278E1E2D00345BA4 /* FirebaseFirestore in Frameworks */ = {isa = PBXBuildFile; productRef = FFA09E8B278E1E2D00345BA4 /* FirebaseFirestore */; };
		FFA09E8E278E1E2D00345BA4 /* FirebaseFirestoreSwift-Beta in Frameworks */ = {isa = PBXBuildFile; productRef = FFA09E8D278E1E2D00345BA4 /* FirebaseFirestoreSwift-Beta */; };
		FFBA23EB278F5FB500F41359 /* WorkoutRepository.swift in Sources */ = {isa = PBXBuildFile; fileRef = FFBA23EA278F5FB500F41359 /* WorkoutRepository.swift */; };
		FFBA23ED278F6BBC00F41359 /* Workout.swift in Sources */ = {isa = PBXBuildFile; fileRef = FFBA23EC278F6BBC00F41359 /* Workout.swift */; };
		FFBA23EF278F75C100F41359 /* WorkoutListView.Model.swift in Sources */ = {isa = PBXBuildFile; fileRef = FFBA23EE278F75C100F41359 /* WorkoutListView.Model.swift */; };
		FFBA23F2278F78B600F41359 /* WorkoutListView.swift in Sources */ = {isa = PBXBuildFile; fileRef = FFBA23F1278F78B600F41359 /* WorkoutListView.swift */; };
		FFBA23F7278F7A4000F41359 /* WorkoutView.swift in Sources */ = {isa = PBXBuildFile; fileRef = FFBA23F6278F7A4000F41359 /* WorkoutView.swift */; };
		FFBA23F9278F7A6200F41359 /* NewWorkoutForm.swift in Sources */ = {isa = PBXBuildFile; fileRef = FFBA23F8278F7A6200F41359 /* NewWorkoutForm.swift */; };
		FFBA23FB278F7A8D00F41359 /* WorkoutView.Model.swift in Sources */ = {isa = PBXBuildFile; fileRef = FFBA23FA278F7A8D00F41359 /* WorkoutView.Model.swift */; };
/* End PBXBuildFile section */

/* Begin PBXCopyFilesBuildPhase section */
		52EEF958279F235C00B68382 /* Embed App Extensions */ = {
			isa = PBXCopyFilesBuildPhase;
			buildActionMask = 2147483647;
			dstPath = "";
			dstSubfolderSpec = 13;
			files = (
			);
			name = "Embed App Extensions";
			runOnlyForDeploymentPostprocessing = 0;
		};
/* End PBXCopyFilesBuildPhase section */

/* Begin PBXFileReference section */
		5297761127A49FC700F19066 /* RecordTextView.Model.swift */ = {isa = PBXFileReference; lastKnownFileType = sourcecode.swift; path = RecordTextView.Model.swift; sourceTree = "<group>"; };
		52A7671127A0756C0093C1D5 /* LiftLog.entitlements */ = {isa = PBXFileReference; lastKnownFileType = text.plist.entitlements; path = LiftLog.entitlements; sourceTree = "<group>"; };
		52A7671427A091DC0093C1D5 /* SwiftUISpeech.swift */ = {isa = PBXFileReference; lastKnownFileType = sourcecode.swift; path = SwiftUISpeech.swift; sourceTree = "<group>"; };
		52A7671627A0922F0093C1D5 /* SpeechButton.swift */ = {isa = PBXFileReference; lastKnownFileType = sourcecode.swift; path = SpeechButton.swift; sourceTree = "<group>"; };
		52A8E9CF27A1DE08004BF042 /* RecordTextView.swift */ = {isa = PBXFileReference; lastKnownFileType = sourcecode.swift; path = RecordTextView.swift; sourceTree = "<group>"; };
		52EEF94F279F235C00B68382 /* Intents.framework */ = {isa = PBXFileReference; lastKnownFileType = wrapper.framework; name = Intents.framework; path = System/Library/Frameworks/Intents.framework; sourceTree = SDKROOT; };
		FFA09E75278E1D3B00345BA4 /* LiftLog.app */ = {isa = PBXFileReference; explicitFileType = wrapper.application; includeInIndex = 0; path = LiftLog.app; sourceTree = BUILT_PRODUCTS_DIR; };
		FFA09E78278E1D3B00345BA4 /* LiftLogApp.swift */ = {isa = PBXFileReference; lastKnownFileType = sourcecode.swift; path = LiftLogApp.swift; sourceTree = "<group>"; };
		FFA09E7A278E1D3B00345BA4 /* ContentView.swift */ = {isa = PBXFileReference; lastKnownFileType = sourcecode.swift; path = ContentView.swift; sourceTree = "<group>"; };
		FFA09E7C278E1D3C00345BA4 /* Assets.xcassets */ = {isa = PBXFileReference; lastKnownFileType = folder.assetcatalog; path = Assets.xcassets; sourceTree = "<group>"; };
		FFA09E7F278E1D3C00345BA4 /* Preview Assets.xcassets */ = {isa = PBXFileReference; lastKnownFileType = folder.assetcatalog; path = "Preview Assets.xcassets"; sourceTree = "<group>"; };
		FFA09E86278E1DD200345BA4 /* GoogleService-Info.plist */ = {isa = PBXFileReference; fileEncoding = 4; lastKnownFileType = text.plist.xml; path = "GoogleService-Info.plist"; sourceTree = "<group>"; };
		FFBA23EA278F5FB500F41359 /* WorkoutRepository.swift */ = {isa = PBXFileReference; lastKnownFileType = sourcecode.swift; path = WorkoutRepository.swift; sourceTree = "<group>"; };
		FFBA23EC278F6BBC00F41359 /* Workout.swift */ = {isa = PBXFileReference; lastKnownFileType = sourcecode.swift; path = Workout.swift; sourceTree = "<group>"; };
		FFBA23EE278F75C100F41359 /* WorkoutListView.Model.swift */ = {isa = PBXFileReference; lastKnownFileType = sourcecode.swift; path = WorkoutListView.Model.swift; sourceTree = "<group>"; };
		FFBA23F1278F78B600F41359 /* WorkoutListView.swift */ = {isa = PBXFileReference; lastKnownFileType = sourcecode.swift; path = WorkoutListView.swift; sourceTree = "<group>"; };
		FFBA23F6278F7A4000F41359 /* WorkoutView.swift */ = {isa = PBXFileReference; lastKnownFileType = sourcecode.swift; path = WorkoutView.swift; sourceTree = "<group>"; };
		FFBA23F8278F7A6200F41359 /* NewWorkoutForm.swift */ = {isa = PBXFileReference; lastKnownFileType = sourcecode.swift; path = NewWorkoutForm.swift; sourceTree = "<group>"; };
		FFBA23FA278F7A8D00F41359 /* WorkoutView.Model.swift */ = {isa = PBXFileReference; lastKnownFileType = sourcecode.swift; path = WorkoutView.Model.swift; sourceTree = "<group>"; };
/* End PBXFileReference section */

/* Begin PBXFrameworksBuildPhase section */
		FFA09E72278E1D3B00345BA4 /* Frameworks */ = {
			isa = PBXFrameworksBuildPhase;
			buildActionMask = 2147483647;
			files = (
				FFA09E8E278E1E2D00345BA4 /* FirebaseFirestoreSwift-Beta in Frameworks */,
				FFA09E8A278E1E2D00345BA4 /* FirebaseAuth in Frameworks */,
				FFA09E8C278E1E2D00345BA4 /* FirebaseFirestore in Frameworks */,
			);
			runOnlyForDeploymentPostprocessing = 0;
		};
/* End PBXFrameworksBuildPhase section */

/* Begin PBXGroup section */
		52EEF94E279F235C00B68382 /* Frameworks */ = {
			isa = PBXGroup;
			children = (
				52EEF94F279F235C00B68382 /* Intents.framework */,
			);
			name = Frameworks;
			sourceTree = "<group>";
		};
		FFA09E6C278E1D3B00345BA4 = {
			isa = PBXGroup;
			children = (
				FFA09E77278E1D3B00345BA4 /* LiftLog */,
				52EEF94E279F235C00B68382 /* Frameworks */,
				FFA09E76278E1D3B00345BA4 /* Products */,
			);
			sourceTree = "<group>";
		};
		FFA09E76278E1D3B00345BA4 /* Products */ = {
			isa = PBXGroup;
			children = (
				FFA09E75278E1D3B00345BA4 /* LiftLog.app */,
			);
			name = Products;
			sourceTree = "<group>";
		};
		FFA09E77278E1D3B00345BA4 /* LiftLog */ = {
			isa = PBXGroup;
			children = (
				52A7671127A0756C0093C1D5 /* LiftLog.entitlements */,
				FFA09E78278E1D3B00345BA4 /* LiftLogApp.swift */,
				FFBA23E4278F5E2B00F41359 /* Repositories */,
				FFBA23E5278F5E3D00F41359 /* Models */,
				FFBA23E6278F5E5200F41359 /* Views */,
				FFBA23E9278F5ED900F41359 /* User */,
				FFA09E7A278E1D3B00345BA4 /* ContentView.swift */,
				FFA09E7C278E1D3C00345BA4 /* Assets.xcassets */,
				FFA09E86278E1DD200345BA4 /* GoogleService-Info.plist */,
				FFA09E7E278E1D3C00345BA4 /* Preview Content */,
			);
			path = LiftLog;
			sourceTree = "<group>";
		};
		FFA09E7E278E1D3C00345BA4 /* Preview Content */ = {
			isa = PBXGroup;
			children = (
				FFA09E7F278E1D3C00345BA4 /* Preview Assets.xcassets */,
			);
			path = "Preview Content";
			sourceTree = "<group>";
		};
		FFBA23E4278F5E2B00F41359 /* Repositories */ = {
			isa = PBXGroup;
			children = (
				FFBA23EA278F5FB500F41359 /* WorkoutRepository.swift */,
			);
			path = Repositories;
			sourceTree = "<group>";
		};
		FFBA23E5278F5E3D00F41359 /* Models */ = {
			isa = PBXGroup;
			children = (
				FFBA23EC278F6BBC00F41359 /* Workout.swift */,
				52A7671427A091DC0093C1D5 /* SwiftUISpeech.swift */,
			);
			path = Models;
			sourceTree = "<group>";
		};
		FFBA23E6278F5E5200F41359 /* Views */ = {
			isa = PBXGroup;
			children = (
				FFBA23E7278F5E9200F41359 /* Workout */,
				FFBA23F6278F7A4000F41359 /* WorkoutView.swift */,
				FFBA23F8278F7A6200F41359 /* NewWorkoutForm.swift */,
				FFBA23F1278F78B600F41359 /* WorkoutListView.swift */,
				52A7671627A0922F0093C1D5 /* SpeechButton.swift */,
				52A8E9CF27A1DE08004BF042 /* RecordTextView.swift */,
			);
			path = Views;
			sourceTree = "<group>";
		};
		FFBA23E7278F5E9200F41359 /* Workout */ = {
			isa = PBXGroup;
			children = (
				FFBA23E8278F5E9A00F41359 /* ViewModels */,
			);
			path = Workout;
			sourceTree = "<group>";
		};
		FFBA23E8278F5E9A00F41359 /* ViewModels */ = {
			isa = PBXGroup;
			children = (
				FFBA23EE278F75C100F41359 /* WorkoutListView.Model.swift */,
				FFBA23FA278F7A8D00F41359 /* WorkoutView.Model.swift */,
				5297761127A49FC700F19066 /* RecordTextView.Model.swift */,
			);
			path = ViewModels;
			sourceTree = "<group>";
		};
		FFBA23E9278F5ED900F41359 /* User */ = {
			isa = PBXGroup;
			children = (
			);
			path = User;
			sourceTree = "<group>";
		};
/* End PBXGroup section */

/* Begin PBXNativeTarget section */
		FFA09E74278E1D3B00345BA4 /* LiftLog */ = {
			isa = PBXNativeTarget;
			buildConfigurationList = FFA09E83278E1D3C00345BA4 /* Build configuration list for PBXNativeTarget "LiftLog" */;
			buildPhases = (
				FFA09E71278E1D3B00345BA4 /* Sources */,
				FFA09E72278E1D3B00345BA4 /* Frameworks */,
				FFA09E73278E1D3B00345BA4 /* Resources */,
				52EEF958279F235C00B68382 /* Embed App Extensions */,
			);
			buildRules = (
			);
			dependencies = (
			);
			name = LiftLog;
			packageProductDependencies = (
				FFA09E89278E1E2D00345BA4 /* FirebaseAuth */,
				FFA09E8B278E1E2D00345BA4 /* FirebaseFirestore */,
				FFA09E8D278E1E2D00345BA4 /* FirebaseFirestoreSwift-Beta */,
			);
			productName = LiftLog;
			productReference = FFA09E75278E1D3B00345BA4 /* LiftLog.app */;
			productType = "com.apple.product-type.application";
		};
/* End PBXNativeTarget section */

/* Begin PBXProject section */
		FFA09E6D278E1D3B00345BA4 /* Project object */ = {
			isa = PBXProject;
			attributes = {
				BuildIndependentTargetsInParallel = 1;
				LastSwiftUpdateCheck = 1310;
				LastUpgradeCheck = 1320;
				TargetAttributes = {
					FFA09E74278E1D3B00345BA4 = {
						CreatedOnToolsVersion = 13.2.1;
					};
				};
			};
			buildConfigurationList = FFA09E70278E1D3B00345BA4 /* Build configuration list for PBXProject "LiftLog" */;
			compatibilityVersion = "Xcode 13.0";
			developmentRegion = en;
			hasScannedForEncodings = 0;
			knownRegions = (
				en,
				Base,
			);
			mainGroup = FFA09E6C278E1D3B00345BA4;
			packageReferences = (
				FFA09E88278E1E2D00345BA4 /* XCRemoteSwiftPackageReference "firebase-ios-sdk" */,
			);
			productRefGroup = FFA09E76278E1D3B00345BA4 /* Products */;
			projectDirPath = "";
			projectRoot = "";
			targets = (
				FFA09E74278E1D3B00345BA4 /* LiftLog */,
			);
		};
/* End PBXProject section */

/* Begin PBXResourcesBuildPhase section */
		FFA09E73278E1D3B00345BA4 /* Resources */ = {
			isa = PBXResourcesBuildPhase;
			buildActionMask = 2147483647;
			files = (
				FFA09E80278E1D3C00345BA4 /* Preview Assets.xcassets in Resources */,
				FFA09E7D278E1D3C00345BA4 /* Assets.xcassets in Resources */,
				FFA09E87278E1DD200345BA4 /* GoogleService-Info.plist in Resources */,
			);
			runOnlyForDeploymentPostprocessing = 0;
		};
/* End PBXResourcesBuildPhase section */

/* Begin PBXSourcesBuildPhase section */
		FFA09E71278E1D3B00345BA4 /* Sources */ = {
			isa = PBXSourcesBuildPhase;
			buildActionMask = 2147483647;
			files = (
				FFBA23FB278F7A8D00F41359 /* WorkoutView.Model.swift in Sources */,
				FFBA23F9278F7A6200F41359 /* NewWorkoutForm.swift in Sources */,
				5297761227A49FC700F19066 /* RecordTextView.Model.swift in Sources */,
				FFBA23F7278F7A4000F41359 /* WorkoutView.swift in Sources */,
				52A8E9D027A1DE08004BF042 /* RecordTextView.swift in Sources */,
				FFA09E7B278E1D3B00345BA4 /* ContentView.swift in Sources */,
				FFBA23EB278F5FB500F41359 /* WorkoutRepository.swift in Sources */,
				52A7671727A0922F0093C1D5 /* SpeechButton.swift in Sources */,
				52A7671527A091DC0093C1D5 /* SwiftUISpeech.swift in Sources */,
				FFBA23F2278F78B600F41359 /* WorkoutListView.swift in Sources */,
				FFBA23EF278F75C100F41359 /* WorkoutListView.Model.swift in Sources */,
				FFA09E79278E1D3B00345BA4 /* LiftLogApp.swift in Sources */,
				FFBA23ED278F6BBC00F41359 /* Workout.swift in Sources */,
			);
			runOnlyForDeploymentPostprocessing = 0;
		};
/* End PBXSourcesBuildPhase section */

/* Begin XCBuildConfiguration section */
		FFA09E81278E1D3C00345BA4 /* Debug */ = {
			isa = XCBuildConfiguration;
			buildSettings = {
				ALWAYS_SEARCH_USER_PATHS = NO;
				CLANG_ANALYZER_NONNULL = YES;
				CLANG_ANALYZER_NUMBER_OBJECT_CONVERSION = YES_AGGRESSIVE;
				CLANG_CXX_LANGUAGE_STANDARD = "gnu++17";
				CLANG_CXX_LIBRARY = "libc++";
				CLANG_ENABLE_MODULES = YES;
				CLANG_ENABLE_OBJC_ARC = YES;
				CLANG_ENABLE_OBJC_WEAK = YES;
				CLANG_WARN_BLOCK_CAPTURE_AUTORELEASING = YES;
				CLANG_WARN_BOOL_CONVERSION = YES;
				CLANG_WARN_COMMA = YES;
				CLANG_WARN_CONSTANT_CONVERSION = YES;
				CLANG_WARN_DEPRECATED_OBJC_IMPLEMENTATIONS = YES;
				CLANG_WARN_DIRECT_OBJC_ISA_USAGE = YES_ERROR;
				CLANG_WARN_DOCUMENTATION_COMMENTS = YES;
				CLANG_WARN_EMPTY_BODY = YES;
				CLANG_WARN_ENUM_CONVERSION = YES;
				CLANG_WARN_INFINITE_RECURSION = YES;
				CLANG_WARN_INT_CONVERSION = YES;
				CLANG_WARN_NON_LITERAL_NULL_CONVERSION = YES;
				CLANG_WARN_OBJC_IMPLICIT_RETAIN_SELF = YES;
				CLANG_WARN_OBJC_LITERAL_CONVERSION = YES;
				CLANG_WARN_OBJC_ROOT_CLASS = YES_ERROR;
				CLANG_WARN_QUOTED_INCLUDE_IN_FRAMEWORK_HEADER = YES;
				CLANG_WARN_RANGE_LOOP_ANALYSIS = YES;
				CLANG_WARN_STRICT_PROTOTYPES = YES;
				CLANG_WARN_SUSPICIOUS_MOVE = YES;
				CLANG_WARN_UNGUARDED_AVAILABILITY = YES_AGGRESSIVE;
				CLANG_WARN_UNREACHABLE_CODE = YES;
				CLANG_WARN__DUPLICATE_METHOD_MATCH = YES;
				COPY_PHASE_STRIP = NO;
				DEBUG_INFORMATION_FORMAT = dwarf;
				ENABLE_STRICT_OBJC_MSGSEND = YES;
				ENABLE_TESTABILITY = YES;
				GCC_C_LANGUAGE_STANDARD = gnu11;
				GCC_DYNAMIC_NO_PIC = NO;
				GCC_NO_COMMON_BLOCKS = YES;
				GCC_OPTIMIZATION_LEVEL = 0;
				GCC_PREPROCESSOR_DEFINITIONS = (
					"DEBUG=1",
					"$(inherited)",
				);
				GCC_WARN_64_TO_32_BIT_CONVERSION = YES;
				GCC_WARN_ABOUT_RETURN_TYPE = YES_ERROR;
				GCC_WARN_UNDECLARED_SELECTOR = YES;
				GCC_WARN_UNINITIALIZED_AUTOS = YES_AGGRESSIVE;
				GCC_WARN_UNUSED_FUNCTION = YES;
				GCC_WARN_UNUSED_VARIABLE = YES;
				IPHONEOS_DEPLOYMENT_TARGET = 15.0;
				MTL_ENABLE_DEBUG_INFO = INCLUDE_SOURCE;
				MTL_FAST_MATH = YES;
				ONLY_ACTIVE_ARCH = YES;
				SDKROOT = iphoneos;
				SWIFT_ACTIVE_COMPILATION_CONDITIONS = DEBUG;
				SWIFT_OPTIMIZATION_LEVEL = "-Onone";
			};
			name = Debug;
		};
		FFA09E82278E1D3C00345BA4 /* Release */ = {
			isa = XCBuildConfiguration;
			buildSettings = {
				ALWAYS_SEARCH_USER_PATHS = NO;
				CLANG_ANALYZER_NONNULL = YES;
				CLANG_ANALYZER_NUMBER_OBJECT_CONVERSION = YES_AGGRESSIVE;
				CLANG_CXX_LANGUAGE_STANDARD = "gnu++17";
				CLANG_CXX_LIBRARY = "libc++";
				CLANG_ENABLE_MODULES = YES;
				CLANG_ENABLE_OBJC_ARC = YES;
				CLANG_ENABLE_OBJC_WEAK = YES;
				CLANG_WARN_BLOCK_CAPTURE_AUTORELEASING = YES;
				CLANG_WARN_BOOL_CONVERSION = YES;
				CLANG_WARN_COMMA = YES;
				CLANG_WARN_CONSTANT_CONVERSION = YES;
				CLANG_WARN_DEPRECATED_OBJC_IMPLEMENTATIONS = YES;
				CLANG_WARN_DIRECT_OBJC_ISA_USAGE = YES_ERROR;
				CLANG_WARN_DOCUMENTATION_COMMENTS = YES;
				CLANG_WARN_EMPTY_BODY = YES;
				CLANG_WARN_ENUM_CONVERSION = YES;
				CLANG_WARN_INFINITE_RECURSION = YES;
				CLANG_WARN_INT_CONVERSION = YES;
				CLANG_WARN_NON_LITERAL_NULL_CONVERSION = YES;
				CLANG_WARN_OBJC_IMPLICIT_RETAIN_SELF = YES;
				CLANG_WARN_OBJC_LITERAL_CONVERSION = YES;
				CLANG_WARN_OBJC_ROOT_CLASS = YES_ERROR;
				CLANG_WARN_QUOTED_INCLUDE_IN_FRAMEWORK_HEADER = YES;
				CLANG_WARN_RANGE_LOOP_ANALYSIS = YES;
				CLANG_WARN_STRICT_PROTOTYPES = YES;
				CLANG_WARN_SUSPICIOUS_MOVE = YES;
				CLANG_WARN_UNGUARDED_AVAILABILITY = YES_AGGRESSIVE;
				CLANG_WARN_UNREACHABLE_CODE = YES;
				CLANG_WARN__DUPLICATE_METHOD_MATCH = YES;
				COPY_PHASE_STRIP = NO;
				DEBUG_INFORMATION_FORMAT = "dwarf-with-dsym";
				ENABLE_NS_ASSERTIONS = NO;
				ENABLE_STRICT_OBJC_MSGSEND = YES;
				GCC_C_LANGUAGE_STANDARD = gnu11;
				GCC_NO_COMMON_BLOCKS = YES;
				GCC_WARN_64_TO_32_BIT_CONVERSION = YES;
				GCC_WARN_ABOUT_RETURN_TYPE = YES_ERROR;
				GCC_WARN_UNDECLARED_SELECTOR = YES;
				GCC_WARN_UNINITIALIZED_AUTOS = YES_AGGRESSIVE;
				GCC_WARN_UNUSED_FUNCTION = YES;
				GCC_WARN_UNUSED_VARIABLE = YES;
				IPHONEOS_DEPLOYMENT_TARGET = 15.0;
				MTL_ENABLE_DEBUG_INFO = NO;
				MTL_FAST_MATH = YES;
				SDKROOT = iphoneos;
				SWIFT_COMPILATION_MODE = wholemodule;
				SWIFT_OPTIMIZATION_LEVEL = "-O";
				VALIDATE_PRODUCT = YES;
			};
			name = Release;
		};
		FFA09E84278E1D3C00345BA4 /* Debug */ = {
			isa = XCBuildConfiguration;
			buildSettings = {
				ALWAYS_EMBED_SWIFT_STANDARD_LIBRARIES = YES;
				ASSETCATALOG_COMPILER_APPICON_NAME = AppIcon;
				ASSETCATALOG_COMPILER_GLOBAL_ACCENT_COLOR_NAME = AccentColor;
				CODE_SIGN_ENTITLEMENTS = LiftLog/LiftLog.entitlements;
				CODE_SIGN_STYLE = Automatic;
				CURRENT_PROJECT_VERSION = 1;
				DEVELOPMENT_ASSET_PATHS = "\"LiftLog/Preview Content\"";
				DEVELOPMENT_TEAM = MFS52BPS4R;
				ENABLE_PREVIEWS = YES;
				GENERATE_INFOPLIST_FILE = YES;
				INFOPLIST_KEY_LSApplicationCategoryType = "";
				INFOPLIST_KEY_NSMicrophoneUsageDescription = "Usage of Microphone of Audio Input";
				INFOPLIST_KEY_NSSiriUsageDescription = "Siri support is used to record user input.";
				INFOPLIST_KEY_NSSpeechRecognitionUsageDescription = "Info sent to Apple for processing";
				INFOPLIST_KEY_UIApplicationSceneManifest_Generation = YES;
				INFOPLIST_KEY_UIApplicationSupportsIndirectInputEvents = YES;
				INFOPLIST_KEY_UILaunchScreen_Generation = YES;
				INFOPLIST_KEY_UISupportedInterfaceOrientations_iPad = "UIInterfaceOrientationPortrait UIInterfaceOrientationPortraitUpsideDown UIInterfaceOrientationLandscapeLeft UIInterfaceOrientationLandscapeRight";
				INFOPLIST_KEY_UISupportedInterfaceOrientations_iPhone = "UIInterfaceOrientationPortrait UIInterfaceOrientationLandscapeLeft UIInterfaceOrientationLandscapeRight";
				LD_RUNPATH_SEARCH_PATHS = (
					"$(inherited)",
					"@executable_path/Frameworks",
				);
				MARKETING_VERSION = 1.0;
				PRODUCT_BUNDLE_IDENTIFIER = com.i23.LiftLog;
				PRODUCT_NAME = "$(TARGET_NAME)";
				SWIFT_EMIT_LOC_STRINGS = YES;
				SWIFT_VERSION = 5.0;
				TARGETED_DEVICE_FAMILY = "1,2";
			};
			name = Debug;
		};
		FFA09E85278E1D3C00345BA4 /* Release */ = {
			isa = XCBuildConfiguration;
			buildSettings = {
				ALWAYS_EMBED_SWIFT_STANDARD_LIBRARIES = YES;
				ASSETCATALOG_COMPILER_APPICON_NAME = AppIcon;
				ASSETCATALOG_COMPILER_GLOBAL_ACCENT_COLOR_NAME = AccentColor;
				CODE_SIGN_ENTITLEMENTS = LiftLog/LiftLog.entitlements;
				CODE_SIGN_STYLE = Automatic;
				CURRENT_PROJECT_VERSION = 1;
				DEVELOPMENT_ASSET_PATHS = "\"LiftLog/Preview Content\"";
				DEVELOPMENT_TEAM = MFS52BPS4R;
				ENABLE_PREVIEWS = YES;
				GENERATE_INFOPLIST_FILE = YES;
				INFOPLIST_KEY_LSApplicationCategoryType = "";
				INFOPLIST_KEY_NSMicrophoneUsageDescription = "Usage of Microphone of Audio Input";
				INFOPLIST_KEY_NSSiriUsageDescription = "Siri support is used to record user input.";
				INFOPLIST_KEY_NSSpeechRecognitionUsageDescription = "Info sent to Apple for processing";
				INFOPLIST_KEY_UIApplicationSceneManifest_Generation = YES;
				INFOPLIST_KEY_UIApplicationSupportsIndirectInputEvents = YES;
				INFOPLIST_KEY_UILaunchScreen_Generation = YES;
				INFOPLIST_KEY_UISupportedInterfaceOrientations_iPad = "UIInterfaceOrientationPortrait UIInterfaceOrientationPortraitUpsideDown UIInterfaceOrientationLandscapeLeft UIInterfaceOrientationLandscapeRight";
				INFOPLIST_KEY_UISupportedInterfaceOrientations_iPhone = "UIInterfaceOrientationPortrait UIInterfaceOrientationLandscapeLeft UIInterfaceOrientationLandscapeRight";
				LD_RUNPATH_SEARCH_PATHS = (
					"$(inherited)",
					"@executable_path/Frameworks",
				);
				MARKETING_VERSION = 1.0;
				PRODUCT_BUNDLE_IDENTIFIER = com.i23.LiftLog;
				PRODUCT_NAME = "$(TARGET_NAME)";
				SWIFT_EMIT_LOC_STRINGS = YES;
				SWIFT_VERSION = 5.0;
				TARGETED_DEVICE_FAMILY = "1,2";
			};
			name = Release;
		};
/* End XCBuildConfiguration section */

/* Begin XCConfigurationList section */
		FFA09E70278E1D3B00345BA4 /* Build configuration list for PBXProject "LiftLog" */ = {
			isa = XCConfigurationList;
			buildConfigurations = (
				FFA09E81278E1D3C00345BA4 /* Debug */,
				FFA09E82278E1D3C00345BA4 /* Release */,
			);
			defaultConfigurationIsVisible = 0;
			defaultConfigurationName = Release;
		};
		FFA09E83278E1D3C00345BA4 /* Build configuration list for PBXNativeTarget "LiftLog" */ = {
			isa = XCConfigurationList;
			buildConfigurations = (
				FFA09E84278E1D3C00345BA4 /* Debug */,
				FFA09E85278E1D3C00345BA4 /* Release */,
			);
			defaultConfigurationIsVisible = 0;
			defaultConfigurationName = Release;
		};
/* End XCConfigurationList section */

/* Begin XCRemoteSwiftPackageReference section */
		FFA09E88278E1E2D00345BA4 /* XCRemoteSwiftPackageReference "firebase-ios-sdk" */ = {
			isa = XCRemoteSwiftPackageReference;
			repositoryURL = "https://github.com/firebase/firebase-ios-sdk";
			requirement = {
				branch = master;
				kind = branch;
			};
		};
/* End XCRemoteSwiftPackageReference section */

/* Begin XCSwiftPackageProductDependency section */
		FFA09E89278E1E2D00345BA4 /* FirebaseAuth */ = {
			isa = XCSwiftPackageProductDependency;
			package = FFA09E88278E1E2D00345BA4 /* XCRemoteSwiftPackageReference "firebase-ios-sdk" */;
			productName = FirebaseAuth;
		};
		FFA09E8B278E1E2D00345BA4 /* FirebaseFirestore */ = {
			isa = XCSwiftPackageProductDependency;
			package = FFA09E88278E1E2D00345BA4 /* XCRemoteSwiftPackageReference "firebase-ios-sdk" */;
			productName = FirebaseFirestore;
		};
		FFA09E8D278E1E2D00345BA4 /* FirebaseFirestoreSwift-Beta */ = {
			isa = XCSwiftPackageProductDependency;
			package = FFA09E88278E1E2D00345BA4 /* XCRemoteSwiftPackageReference "firebase-ios-sdk" */;
			productName = "FirebaseFirestoreSwift-Beta";
		};
/* End XCSwiftPackageProductDependency section */
	};
	rootObject = FFA09E6D278E1D3B00345BA4 /* Project object */;
}
